{
  "name": "codekit-project",
  "version": "1.0.0",
  "lockfileVersion": 1,
  "requires": true,
  "dependencies": {
    "uikit": {
      "version": "3.15.1",
      "resolved": "https://registry.npmjs.org/uikit/-/uikit-3.15.1.tgz",
      "integrity": "sha512-kBmL9i0VwF0JlVHmd++ZXQ5Kn0Uj9if/ejxtnt+fTlRDWTMrqFcf9eVjR98PjI6BSBi/W9LoSBWsrEDkdA+ikQ=="
    }
  }
}
